
Microsoft Visual Studio Solution File, Format Version 12.00
# Visual Studio 15
VisualStudioVersion = 15.0.26124.0
MinimumVisualStudioVersion = 15.0.26124.0
Project("{2150E333-8FDC-42A3-9474-1A3956D46DE8}") = "src", "src", "{4BA2E1A7-8E15-49ED-9821-9893486871C0}"
EndProject
Project("{FAE04EC0-301F-11D3-BF4B-00C04F79EFBC}") = "IdentityServer", "src\IdentityServer\IdentityServer.csproj", "{E540D96B-FAD2-4DF1-A334-8351E9434CE7}"
EndProject
Project("{FAE04EC0-301F-11D3-BF4B-00C04F79EFBC}") = "MyApi", "src\MyApi\MyApi.csproj", "{BB36794C-E368-47D2-855D-59EC538E8F11}"
EndProject
Project("{FAE04EC0-301F-11D3-BF4B-00C04F79EFBC}") = "Client", "src\Client\Client.csproj", "{947B98E1-74BA-42E2-B2AE-379B31E6326F}"
EndProject
Project("{FAE04EC0-301F-11D3-BF4B-00C04F79EFBC}") = "MvcClient", "src\MvcClient\MvcClient.csproj", "{35C4D235-F877-4181-ADB1-562F033E5D46}"
EndProject
Global
	GlobalSection(SolutionConfigurationPlatforms) = preSolution
		Debug|Any CPU = Debug|Any CPU
		Debug|x64 = Debug|x64
		Debug|x86 = Debug|x86
		Release|Any CPU = Release|Any CPU
		Release|x64 = Release|x64
		Release|x86 = Release|x86
	EndGlobalSection
	GlobalSection(SolutionProperties) = preSolution
		HideSolutionNode = FALSE
	EndGlobalSection
	GlobalSection(ProjectConfigurationPlatforms) = postSolution
		{E540D96B-FAD2-4DF1-A334-8351E9434CE7}.Debug|Any CPU.ActiveCfg = Debug|Any CPU
		{E540D96B-FAD2-4DF1-A334-8351E9434CE7}.Debug|Any CPU.Build.0 = Debug|Any CPU
		{E540D96B-FAD2-4DF1-A334-8351E9434CE7}.Debug|x64.ActiveCfg = Debug|Any CPU
		{E540D96B-FAD2-4DF1-A334-8351E9434CE7}.Debug|x64.Build.0 = Debug|Any CPU
		{E540D96B-FAD2-4DF1-A334-8351E9434CE7}.Debug|x86.ActiveCfg = Debug|Any CPU
		{E540D96B-FAD2-4DF1-A334-8351E9434CE7}.Debug|x86.Build.0 = Debug|Any CPU
		{E540D96B-FAD2-4DF1-A334-8351E9434CE7}.Release|Any CPU.ActiveCfg = Release|Any CPU
		{E540D96B-FAD2-4DF1-A334-8351E9434CE7}.Release|Any CPU.Build.0 = Release|Any CPU
		{E540D96B-FAD2-4DF1-A334-8351E9434CE7}.Release|x64.ActiveCfg = Release|Any CPU
		{E540D96B-FAD2-4DF1-A334-8351E9434CE7}.Release|x64.Build.0 = Release|Any CPU
		{E540D96B-FAD2-4DF1-A334-8351E9434CE7}.Release|x86.ActiveCfg = Release|Any CPU
		{E540D96B-FAD2-4DF1-A334-8351E9434CE7}.Release|x86.Build.0 = Release|Any CPU
		{BB36794C-E368-47D2-855D-59EC538E8F11}.Debug|Any CPU.ActiveCfg = Debug|Any CPU
		{BB36794C-E368-47D2-855D-59EC538E8F11}.Debug|Any CPU.Build.0 = Debug|Any CPU
		{BB36794C-E368-47D2-855D-59EC538E8F11}.Debug|x64.ActiveCfg = Debug|Any CPU
		{BB36794C-E368-47D2-855D-59EC538E8F11}.Debug|x64.Build.0 = Debug|Any CPU
		{BB36794C-E368-47D2-855D-59EC538E8F11}.Debug|x86.ActiveCfg = Debug|Any CPU
		{BB36794C-E368-47D2-855D-59EC538E8F11}.Debug|x86.Build.0 = Debug|Any CPU
		{BB36794C-E368-47D2-855D-59EC538E8F11}.Release|Any CPU.ActiveCfg = Release|Any CPU
		{BB36794C-E368-47D2-855D-59EC538E8F11}.Release|Any CPU.Build.0 = Release|Any CPU
		{BB36794C-E368-47D2-855D-59EC538E8F11}.Release|x64.ActiveCfg = Release|Any CPU
		{BB36794C-E368-47D2-855D-59EC538E8F11}.Release|x64.Build.0 = Release|Any CPU
		{BB36794C-E368-47D2-855D-59EC538E8F11}.Release|x86.ActiveCfg = Release|Any CPU
		{BB36794C-E368-47D2-855D-59EC538E8F11}.Release|x86.Build.0 = Release|Any CPU
		{947B98E1-74BA-42E2-B2AE-379B31E6326F}.Debug|Any CPU.ActiveCfg = Debug|Any CPU
		{947B98E1-74BA-42E2-B2AE-379B31E6326F}.Debug|Any CPU.Build.0 = Debug|Any CPU
		{947B98E1-74BA-42E2-B2AE-379B31E6326F}.Debug|x64.ActiveCfg = Debug|Any CPU
		{947B98E1-74BA-42E2-B2AE-379B31E6326F}.Debug|x64.Build.0 = Debug|Any CPU
		{947B98E1-74BA-42E2-B2AE-379B31E6326F}.Debug|x86.ActiveCfg = Debug|Any CPU
		{947B98E1-74BA-42E2-B2AE-379B31E6326F}.Debug|x86.Build.0 = Debug|Any CPU
		{947B98E1-74BA-42E2-B2AE-379B31E6326F}.Release|Any CPU.ActiveCfg = Release|Any CPU
		{947B98E1-74BA-42E2-B2AE-379B31E6326F}.Release|Any CPU.Build.0 = Release|Any CPU
		{947B98E1-74BA-42E2-B2AE-379B31E6326F}.Release|x64.ActiveCfg = Release|Any CPU
		{947B98E1-74BA-42E2-B2AE-379B31E6326F}.Release|x64.Build.0 = Release|Any CPU
		{947B98E1-74BA-42E2-B2AE-379B31E6326F}.Release|x86.ActiveCfg = Release|Any CPU
		{947B98E1-74BA-42E2-B2AE-379B31E6326F}.Release|x86.Build.0 = Release|Any CPU
		{35C4D235-F877-4181-ADB1-562F033E5D46}.Debug|Any CPU.ActiveCfg = Debug|Any CPU
		{35C4D235-F877-4181-ADB1-562F033E5D46}.Debug|Any CPU.Build.0 = Debug|Any CPU
		{35C4D235-F877-4181-ADB1-562F033E5D46}.Debug|x64.ActiveCfg = Debug|Any CPU
		{35C4D235-F877-4181-ADB1-562F033E5D46}.Debug|x64.Build.0 = Debug|Any CPU
		{35C4D235-F877-4181-ADB1-562F033E5D46}.Debug|x86.ActiveCfg = Debug|Any CPU
		{35C4D235-F877-4181-ADB1-562F033E5D46}.Debug|x86.Build.0 = Debug|Any CPU
		{35C4D235-F877-4181-ADB1-562F033E5D46}.Release|Any CPU.ActiveCfg = Release|Any CPU
		{35C4D235-F877-4181-ADB1-562F033E5D46}.Release|Any CPU.Build.0 = Release|Any CPU
		{35C4D235-F877-4181-ADB1-562F033E5D46}.Release|x64.ActiveCfg = Release|Any CPU
		{35C4D235-F877-4181-ADB1-562F033E5D46}.Release|x64.Build.0 = Release|Any CPU
		{35C4D235-F877-4181-ADB1-562F033E5D46}.Release|x86.ActiveCfg = Release|Any CPU
		{35C4D235-F877-4181-ADB1-562F033E5D46}.Release|x86.Build.0 = Release|Any CPU
	EndGlobalSection
	GlobalSection(NestedProjects) = preSolution
		{E540D96B-FAD2-4DF1-A334-8351E9434CE7} = {4BA2E1A7-8E15-49ED-9821-9893486871C0}
		{BB36794C-E368-47D2-855D-59EC538E8F11} = {4BA2E1A7-8E15-49ED-9821-9893486871C0}
		{947B98E1-74BA-42E2-B2AE-379B31E6326F} = {4BA2E1A7-8E15-49ED-9821-9893486871C0}
		{35C4D235-F877-4181-ADB1-562F033E5D46} = {4BA2E1A7-8E15-49ED-9821-9893486871C0}
	EndGlobalSection
EndGlobal
